<Solution>
  <Folder Name="/src/">
    <Project Path="src/Learnier.Application/Learnier.Application.csproj" />
    <Project Path="src/Learnier.Domain/Learnier.Domain.csproj" />
    <Project Path="src/Learnier.Infrastructure/Learnier.Infrastructure.csproj" />
    <Project Path="src/Learnier.WebApi/Learnier.WebApi.csproj" />
  </Folder>
  <Folder Name="/tests/">
    <Project Path="tests/Learnier.IntegrationTests/Learnier.IntegrationTests.csproj" />
    <Project Path="tests/Learnier.UnitTests/Learnier.UnitTests.csproj" />
  </Folder>
</Solution>
